// !$*UTF8*$!
{
	archiveVersion = 1;
	classes = {
	};
	objectVersion = 56;
	objects = {

/* Begin PBXBuildFile section */
		6B6872652C0CDFB9003F096F /* XCUITestsApp.swift in Sources */ = {isa = PBXBuildFile; fileRef = 6B6872642C0CDFB9003F096F /* XCUITestsApp.swift */; };
		6B6872672C0CDFB9003F096F /* ContentView.swift in Sources */ = {isa = PBXBuildFile; fileRef = 6B6872662C0CDFB9003F096F /* ContentView.swift */; };
		6B6872692C0CDFBA003F096F /* Assets.xcassets in Resources */ = {isa = PBXBuildFile; fileRef = 6B6872682C0CDFBA003F096F /* Assets.xcassets */; };
		6B68726C2C0CDFBA003F096F /* Preview Assets.xcassets in Resources */ = {isa = PBXBuildFile; fileRef = 6B68726B2C0CDFBA003F096F /* Preview Assets.xcassets */; };
		6B6872762C0CDFBA003F096F /* XCUITestsTests.swift in Sources */ = {isa = PBXBuildFile; fileRef = 6B6872752C0CDFBA003F096F /* XCUITestsTests.swift */; };
		6B6872802C0CDFBA003F096F /* XCUITestsUITests.swift in Sources */ = {isa = PBXBuildFile; fileRef = 6B68727F2C0CDFBA003F096F /* XCUITestsUITests.swift */; };
		6B6872822C0CDFBA003F096F /* XCUITestsUITestsLaunchTests.swift in Sources */ = {isa = PBXBuildFile; fileRef = 6B6872812C0CDFBA003F096F /* XCUITestsUITestsLaunchTests.swift */; };
/* End PBXBuildFile section */

/* Begin PBXContainerItemProxy section */
		6B6872722C0CDFBA003F096F /* PBXContainerItemProxy */ = {
			isa = PBXContainerItemProxy;
			containerPortal = 6B6872592C0CDFB9003F096F /* Project object */;
			proxyType = 1;
			remoteGlobalIDString = 6B6872602C0CDFB9003F096F;
			remoteInfo = XCUITests;
		};
		6B68727C2C0CDFBA003F096F /* PBXContainerItemProxy */ = {
			isa = PBXContainerItemProxy;
			containerPortal = 6B6872592C0CDFB9003F096F /* Project object */;
			proxyType = 1;
			remoteGlobalIDString = 6B6872602C0CDFB9003F096F;
			remoteInfo = XCUITests;
		};
/* End PBXContainerItemProxy section */

/* Begin PBXFileReference section */
		6B6872612C0CDFB9003F096F /* XCUITests.app */ = {isa = PBXFileReference; explicitFileType = wrapper.application; includeInIndex = 0; path = XCUITests.app; sourceTree = BUILT_PRODUCTS_DIR; };
		6B6872642C0CDFB9003F096F /* XCUITestsApp.swift */ = {isa = PBXFileReference; lastKnownFileType = sourcecode.swift; path = XCUITestsApp.swift; sourceTree = "<group>"; };
		6B6872662C0CDFB9003F096F /* ContentView.swift */ = {isa = PBXFileReference; lastKnownFileType = sourcecode.swift; path = ContentView.swift; sourceTree = "<group>"; };
		6B6872682C0CDFBA003F096F /* Assets.xcassets */ = {isa = PBXFileReference; lastKnownFileType = folder.assetcatalog; path = Assets.xcassets; sourceTree = "<group>"; };
		6B68726B2C0CDFBA003F096F /* Preview Assets.xcassets */ = {isa = PBXFileReference; lastKnownFileType = folder.assetcatalog; path = "Preview Assets.xcassets"; sourceTree = "<group>"; };
		6B6872712C0CDFBA003F096F /* XCUITestsTests.xctest */ = {isa = PBXFileReference; explicitFileType = wrapper.cfbundle; includeInIndex = 0; path = XCUITestsTests.xctest; sourceTree = BUILT_PRODUCTS_DIR; };
		6B6872752C0CDFBA003F096F /* XCUITestsTests.swift */ = {isa = PBXFileReference; lastKnownFileType = sourcecode.swift; path = XCUITestsTests.swift; sourceTree = "<group>"; };
		6B68727B2C0CDFBA003F096F /* XCUITestsUITests.xctest */ = {isa = PBXFileReference; explicitFileType = wrapper.cfbundle; includeInIndex = 0; path = XCUITestsUITests.xctest; sourceTree = BUILT_PRODUCTS_DIR; };
		6B68727F2C0CDFBA003F096F /* XCUITestsUITests.swift */ = {isa = PBXFileReference; lastKnownFileType = sourcecode.swift; path = XCUITestsUITests.swift; sourceTree = "<group>"; };
		6B6872812C0CDFBA003F096F /* XCUITestsUITestsLaunchTests.swift */ = {isa = PBXFileReference; lastKnownFileType = sourcecode.swift; path = XCUITestsUITestsLaunchTests.swift; sourceTree = "<group>"; };
/* End PBXFileReference section */

/* Begin PBXFrameworksBuildPhase section */
		6B68725E2C0CDFB9003F096F /* Frameworks */ = {
			isa = PBXFrameworksBuildPhase;
			buildActionMask = 2147483647;
			files = (
			);
			runOnlyForDeploymentPostprocessing = 0;
		};
		6B68726E2C0CDFBA003F096F /* Frameworks */ = {
			isa = PBXFrameworksBuildPhase;
			buildActionMask = 2147483647;
			files = (
			);
			runOnlyForDeploymentPostprocessing = 0;
		};
		6B6872782C0CDFBA003F096F /* Frameworks */ = {
			isa = PBXFrameworksBuildPhase;
			buildActionMask = 2147483647;
			files = (
			);
			runOnlyForDeploymentPostprocessing = 0;
		};
/* End PBXFrameworksBuildPhase section */

/* Begin PBXGroup section */
		6B6872582C0CDFB9003F096F = {
			isa = PBXGroup;
			children = (
				6B6872632C0CDFB9003F096F /* XCUITests */,
				6B6872742C0CDFBA003F096F /* XCUITestsTests */,
				6B68727E2C0CDFBA003F096F /* XCUITestsUITests */,
				6B6872622C0CDFB9003F096F /* Products */,
			);
			sourceTree = "<group>";
		};
		6B6872622C0CDFB9003F096F /* Products */ = {
			isa = PBXGroup;
			children = (
				6B6872612C0CDFB9003F096F /* XCUITests.app */,
				6B6872712C0CDFBA003F096F /* XCUITestsTests.xctest */,
				6B68727B2C0CDFBA003F096F /* XCUITestsUITests.xctest */,
			);
			name = Products;
			sourceTree = "<group>";
		};
		6B6872632C0CDFB9003F096F /* XCUITests */ = {
			isa = PBXGroup;
			children = (
				6B6872642C0CDFB9003F096F /* XCUITestsApp.swift */,
				6B6872662C0CDFB9003F096F /* ContentView.swift */,
				6B6872682C0CDFBA003F096F /* Assets.xcassets */,
				6B68726A2C0CDFBA003F096F /* Preview Content */,
			);
			path = XCUITests;
			sourceTree = "<group>";
		};
		6B68726A2C0CDFBA003F096F /* Preview Content */ = {
			isa = PBXGroup;
			children = (
				6B68726B2C0CDFBA003F096F /* Preview Assets.xcassets */,
			);
			path = "Preview Content";
			sourceTree = "<group>";
		};
		6B6872742C0CDFBA003F096F /* XCUITestsTests */ = {
			isa = PBXGroup;
			children = (
				6B6872752C0CDFBA003F096F /* XCUITestsTests.swift */,
			);
			path = XCUITestsTests;
			sourceTree = "<group>";
		};
		6B68727E2C0CDFBA003F096F /* XCUITestsUITests */ = {
			isa = PBXGroup;
			children = (
				6B68727F2C0CDFBA003F096F /* XCUITestsUITests.swift */,
				6B6872812C0CDFBA003F096F /* XCUITestsUITestsLaunchTests.swift */,
			);
			path = XCUITestsUITests;
			sourceTree = "<group>";
		};
/* End PBXGroup section */

/* Begin PBXNativeTarget section */
		6B6872602C0CDFB9003F096F /* XCUITests */ = {
			isa = PBXNativeTarget;
			buildConfigurationList = 6B6872852C0CDFBA003F096F /* Build configuration list for PBXNativeTarget "XCUITests" */;
			buildPhases = (
				6B68725D2C0CDFB9003F096F /* Sources */,
				6B68725E2C0CDFB9003F096F /* Frameworks */,
				6B68725F2C0CDFB9003F096F /* Resources */,
			);
			buildRules = (
			);
			dependencies = (
			);
			name = XCUITests;
			productName = XCUITests;
			productReference = 6B6872612C0CDFB9003F096F /* XCUITests.app */;
			productType = "com.apple.product-type.application";
		};
		6B6872702C0CDFBA003F096F /* XCUITestsTests */ = {
			isa = PBXNativeTarget;
			buildConfigurationList = 6B6872882C0CDFBA003F096F /* Build configuration list for PBXNativeTarget "XCUITestsTests" */;
			buildPhases = (
				6B68726D2C0CDFBA003F096F /* Sources */,
				6B68726E2C0CDFBA003F096F /* Frameworks */,
				6B68726F2C0CDFBA003F096F /* Resources */,
			);
			buildRules = (
			);
			dependencies = (
				6B6872732C0CDFBA003F096F /* PBXTargetDependency */,
			);
			name = XCUITestsTests;
			productName = XCUITestsTests;
			productReference = 6B6872712C0CDFBA003F096F /* XCUITestsTests.xctest */;
			productType = "com.apple.product-type.bundle.unit-test";
		};
		6B68727A2C0CDFBA003F096F /* XCUITestsUITests */ = {
			isa = PBXNativeTarget;
			buildConfigurationList = 6B68728B2C0CDFBA003F096F /* Build configuration list for PBXNativeTarget "XCUITestsUITests" */;
			buildPhases = (
				6B6872772C0CDFBA003F096F /* Sources */,
				6B6872782C0CDFBA003F096F /* Frameworks */,
				6B6872792C0CDFBA003F096F /* Resources */,
			);
			buildRules = (
			);
			dependencies = (
				6B68727D2C0CDFBA003F096F /* PBXTargetDependency */,
			);
			name = XCUITestsUITests;
			productName = XCUITestsUITests;
			productReference = 6B68727B2C0CDFBA003F096F /* XCUITestsUITests.xctest */;
			productType = "com.apple.product-type.bundle.ui-testing";
		};
/* End PBXNativeTarget section */

/* Begin PBXProject section */
		6B6872592C0CDFB9003F096F /* Project object */ = {
			isa = PBXProject;
			attributes = {
				BuildIndependentTargetsInParallel = 1;
				LastSwiftUpdateCheck = 1540;
				LastUpgradeCheck = 1540;
				TargetAttributes = {
					6B6872602C0CDFB9003F096F = {
						CreatedOnToolsVersion = 15.4;
					};
					6B6872702C0CDFBA003F096F = {
						CreatedOnToolsVersion = 15.4;
						TestTargetID = 6B6872602C0CDFB9003F096F;
					};
					6B68727A2C0CDFBA003F096F = {
						CreatedOnToolsVersion = 15.4;
						TestTargetID = 6B6872602C0CDFB9003F096F;
					};
				};
			};
			buildConfigurationList = 6B68725C2C0CDFB9003F096F /* Build configuration list for PBXProject "XCUITests" */;
			compatibilityVersion = "Xcode 14.0";
			developmentRegion = en;
			hasScannedForEncodings = 0;
			knownRegions = (
				en,
				Base,
			);
			mainGroup = 6B6872582C0CDFB9003F096F;
			productRefGroup = 6B6872622C0CDFB9003F096F /* Products */;
			projectDirPath = "";
			projectRoot = "";
			targets = (
				6B6872602C0CDFB9003F096F /* XCUITests */,
				6B6872702C0CDFBA003F096F /* XCUITestsTests */,
				6B68727A2C0CDFBA003F096F /* XCUITestsUITests */,
			);
		};
/* End PBXProject section */

/* Begin PBXResourcesBuildPhase section */
		6B68725F2C0CDFB9003F096F /* Resources */ = {
			isa = PBXResourcesBuildPhase;
			buildActionMask = 2147483647;
			files = (
				6B68726C2C0CDFBA003F096F /* Preview Assets.xcassets in Resources */,
				6B6872692C0CDFBA003F096F /* Assets.xcassets in Resources */,
			);
			runOnlyForDeploymentPostprocessing = 0;
		};
		6B68726F2C0CDFBA003F096F /* Resources */ = {
			isa = PBXResourcesBuildPhase;
			buildActionMask = 2147483647;
			files = (
			);
			runOnlyForDeploymentPostprocessing = 0;
		};
		6B6872792C0CDFBA003F096F /* Resources */ = {
			isa = PBXResourcesBuildPhase;
			buildActionMask = 2147483647;
			files = (
			);
			runOnlyForDeploymentPostprocessing = 0;
		};
/* End PBXResourcesBuildPhase section */

/* Begin PBXSourcesBuildPhase section */
		6B68725D2C0CDFB9003F096F /* Sources */ = {
			isa = PBXSourcesBuildPhase;
			buildActionMask = 2147483647;
			files = (
				6B6872672C0CDFB9003F096F /* ContentView.swift in Sources */,
				6B6872652C0CDFB9003F096F /* XCUITestsApp.swift in Sources */,
			);
			runOnlyForDeploymentPostprocessing = 0;
		};
		6B68726D2C0CDFBA003F096F /* Sources */ = {
			isa = PBXSourcesBuildPhase;
			buildActionMask = 2147483647;
			files = (
				6B6872762C0CDFBA003F096F /* XCUITestsTests.swift in Sources */,
			);
			runOnlyForDeploymentPostprocessing = 0;
		};
		6B6872772C0CDFBA003F096F /* Sources */ = {
			isa = PBXSourcesBuildPhase;
			buildActionMask = 2147483647;
			files = (
				6B6872802C0CDFBA003F096F /* XCUITestsUITests.swift in Sources */,
				6B6872822C0CDFBA003F096F /* XCUITestsUITestsLaunchTests.swift in Sources */,
			);
			runOnlyForDeploymentPostprocessing = 0;
		};
/* End PBXSourcesBuildPhase section */

/* Begin PBXTargetDependency section */
		6B6872732C0CDFBA003F096F /* PBXTargetDependency */ = {
			isa = PBXTargetDependency;
			target = 6B6872602C0CDFB9003F096F /* XCUITests */;
			targetProxy = 6B6872722C0CDFBA003F096F /* PBXContainerItemProxy */;
		};
		6B68727D2C0CDFBA003F096F /* PBXTargetDependency */ = {
			isa = PBXTargetDependency;
			target = 6B6872602C0CDFB9003F096F /* XCUITests */;
			targetProxy = 6B68727C2C0CDFBA003F096F /* PBXContainerItemProxy */;
		};
/* End PBXTargetDependency section */

/* Begin XCBuildConfiguration section */
		6B6872832C0CDFBA003F096F /* Debug */ = {
			isa = XCBuildConfiguration;
			buildSettings = {
				ALWAYS_SEARCH_USER_PATHS = NO;
				ASSETCATALOG_COMPILER_GENERATE_SWIFT_ASSET_SYMBOL_EXTENSIONS = YES;
				CLANG_ANALYZER_NONNULL = YES;
				CLANG_ANALYZER_NUMBER_OBJECT_CONVERSION = YES_AGGRESSIVE;
				CLANG_CXX_LANGUAGE_STANDARD = "gnu++20";
				CLANG_ENABLE_MODULES = YES;
				CLANG_ENABLE_OBJC_ARC = YES;
				CLANG_ENABLE_OBJC_WEAK = YES;
				CLANG_WARN_BLOCK_CAPTURE_AUTORELEASING = YES;
				CLANG_WARN_BOOL_CONVERSION = YES;
				CLANG_WARN_COMMA = YES;
				CLANG_WARN_CONSTANT_CONVERSION = YES;
				CLANG_WARN_DEPRECATED_OBJC_IMPLEMENTATIONS = YES;
				CLANG_WARN_DIRECT_OBJC_ISA_USAGE = YES_ERROR;
				CLANG_WARN_DOCUMENTATION_COMMENTS = YES;
				CLANG_WARN_EMPTY_BODY = YES;
				CLANG_WARN_ENUM_CONVERSION = YES;
				CLANG_WARN_INFINITE_RECURSION = YES;
				CLANG_WARN_INT_CONVERSION = YES;
				CLANG_WARN_NON_LITERAL_NULL_CONVERSION = YES;
				CLANG_WARN_OBJC_IMPLICIT_RETAIN_SELF = YES;
				CLANG_WARN_OBJC_LITERAL_CONVERSION = YES;
				CLANG_WARN_OBJC_ROOT_CLASS = YES_ERROR;
				CLANG_WARN_QUOTED_INCLUDE_IN_FRAMEWORK_HEADER = YES;
				CLANG_WARN_RANGE_LOOP_ANALYSIS = YES;
				CLANG_WARN_STRICT_PROTOTYPES = YES;
				CLANG_WARN_SUSPICIOUS_MOVE = YES;
				CLANG_WARN_UNGUARDED_AVAILABILITY = YES_AGGRESSIVE;
				CLANG_WARN_UNREACHABLE_CODE = YES;
				CLANG_WARN__DUPLICATE_METHOD_MATCH = YES;
				COPY_PHASE_STRIP = NO;
				DEBUG_INFORMATION_FORMAT = dwarf;
				ENABLE_STRICT_OBJC_MSGSEND = YES;
				ENABLE_TESTABILITY = YES;
				ENABLE_USER_SCRIPT_SANDBOXING = YES;
				GCC_C_LANGUAGE_STANDARD = gnu17;
				GCC_DYNAMIC_NO_PIC = NO;
				GCC_NO_COMMON_BLOCKS = YES;
				GCC_OPTIMIZATION_LEVEL = 0;
				GCC_PREPROCESSOR_DEFINITIONS = (
					"DEBUG=1",
					"$(inherited)",
				);
				GCC_WARN_64_TO_32_BIT_CONVERSION = YES;
				GCC_WARN_ABOUT_RETURN_TYPE = YES_ERROR;
				GCC_WARN_UNDECLARED_SELECTOR = YES;
				GCC_WARN_UNINITIALIZED_AUTOS = YES_AGGRESSIVE;
				GCC_WARN_UNUSED_FUNCTION = YES;
				GCC_WARN_UNUSED_VARIABLE = YES;
				IPHONEOS_DEPLOYMENT_TARGET = 17.5;
				LOCALIZATION_PREFERS_STRING_CATALOGS = YES;
				MTL_ENABLE_DEBUG_INFO = INCLUDE_SOURCE;
				MTL_FAST_MATH = YES;
				ONLY_ACTIVE_ARCH = YES;
				SDKROOT = iphoneos;
				SWIFT_ACTIVE_COMPILATION_CONDITIONS = "DEBUG $(inherited)";
				SWIFT_OPTIMIZATION_LEVEL = "-Onone";
			};
			name = Debug;
		};
		6B6872842C0CDFBA003F096F /* Release */ = {
			isa = XCBuildConfiguration;
			buildSettings = {
				ALWAYS_SEARCH_USER_PATHS = NO;
				ASSETCATALOG_COMPILER_GENERATE_SWIFT_ASSET_SYMBOL_EXTENSIONS = YES;
				CLANG_ANALYZER_NONNULL = YES;
				CLANG_ANALYZER_NUMBER_OBJECT_CONVERSION = YES_AGGRESSIVE;
				CLANG_CXX_LANGUAGE_STANDARD = "gnu++20";
				CLANG_ENABLE_MODULES = YES;
				CLANG_ENABLE_OBJC_ARC = YES;
				CLANG_ENABLE_OBJC_WEAK = YES;
				CLANG_WARN_BLOCK_CAPTURE_AUTORELEASING = YES;
				CLANG_WARN_BOOL_CONVERSION = YES;
				CLANG_WARN_COMMA = YES;
				CLANG_WARN_CONSTANT_CONVERSION = YES;
				CLANG_WARN_DEPRECATED_OBJC_IMPLEMENTATIONS = YES;
				CLANG_WARN_DIRECT_OBJC_ISA_USAGE = YES_ERROR;
				CLANG_WARN_DOCUMENTATION_COMMENTS = YES;
				CLANG_WARN_EMPTY_BODY = YES;
				CLANG_WARN_ENUM_CONVERSION = YES;
				CLANG_WARN_INFINITE_RECURSION = YES;
				CLANG_WARN_INT_CONVERSION = YES;
				CLANG_WARN_NON_LITERAL_NULL_CONVERSION = YES;
				CLANG_WARN_OBJC_IMPLICIT_RETAIN_SELF = YES;
				CLANG_WARN_OBJC_LITERAL_CONVERSION = YES;
				CLANG_WARN_OBJC_ROOT_CLASS = YES_ERROR;
				CLANG_WARN_QUOTED_INCLUDE_IN_FRAMEWORK_HEADER = YES;
				CLANG_WARN_RANGE_LOOP_ANALYSIS = YES;
				CLANG_WARN_STRICT_PROTOTYPES = YES;
				CLANG_WARN_SUSPICIOUS_MOVE = YES;
				CLANG_WARN_UNGUARDED_AVAILABILITY = YES_AGGRESSIVE;
				CLANG_WARN_UNREACHABLE_CODE = YES;
				CLANG_WARN__DUPLICATE_METHOD_MATCH = YES;
				COPY_PHASE_STRIP = NO;
				DEBUG_INFORMATION_FORMAT = "dwarf-with-dsym";
				ENABLE_NS_ASSERTIONS = NO;
				ENABLE_STRICT_OBJC_MSGSEND = YES;
				ENABLE_USER_SCRIPT_SANDBOXING = YES;
				GCC_C_LANGUAGE_STANDARD = gnu17;
				GCC_NO_COMMON_BLOCKS = YES;
				GCC_WARN_64_TO_32_BIT_CONVERSION = YES;
				GCC_WARN_ABOUT_RETURN_TYPE = YES_ERROR;
				GCC_WARN_UNDECLARED_SELECTOR = YES;
				GCC_WARN_UNINITIALIZED_AUTOS = YES_AGGRESSIVE;
				GCC_WARN_UNUSED_FUNCTION = YES;
				GCC_WARN_UNUSED_VARIABLE = YES;
				IPHONEOS_DEPLOYMENT_TARGET = 17.5;
				LOCALIZATION_PREFERS_STRING_CATALOGS = YES;
				MTL_ENABLE_DEBUG_INFO = NO;
				MTL_FAST_MATH = YES;
				SDKROOT = iphoneos;
				SWIFT_COMPILATION_MODE = wholemodule;
				VALIDATE_PRODUCT = YES;
			};
			name = Release;
		};
		6B6872862C0CDFBA003F096F /* Debug */ = {
			isa = XCBuildConfiguration;
			buildSettings = {
				ASSETCATALOG_COMPILER_APPICON_NAME = AppIcon;
				ASSETCATALOG_COMPILER_GLOBAL_ACCENT_COLOR_NAME = AccentColor;
				CODE_SIGN_STYLE = Automatic;
				CURRENT_PROJECT_VERSION = 1;
				DEVELOPMENT_ASSET_PATHS = "\"XCUITests/Preview Content\"";
				DEVELOPMENT_TEAM = 3LU756Z7J5;
				ENABLE_PREVIEWS = YES;
				GENERATE_INFOPLIST_FILE = YES;
				INFOPLIST_KEY_UIApplicationSceneManifest_Generation = YES;
				INFOPLIST_KEY_UIApplicationSupportsIndirectInputEvents = YES;
				INFOPLIST_KEY_UILaunchScreen_Generation = YES;
				INFOPLIST_KEY_UISupportedInterfaceOrientations_iPad = "UIInterfaceOrientationPortrait UIInterfaceOrientationPortraitUpsideDown UIInterfaceOrientationLandscapeLeft UIInterfaceOrientationLandscapeRight";
				INFOPLIST_KEY_UISupportedInterfaceOrientations_iPhone = "UIInterfaceOrientationPortrait UIInterfaceOrientationLandscapeLeft UIInterfaceOrientationLandscapeRight";
				LD_RUNPATH_SEARCH_PATHS = (
					"$(inherited)",
					"@executable_path/Frameworks",
				);
				MARKETING_VERSION = 1.0;
				PRODUCT_BUNDLE_IDENTIFIER = com.maziarlayeghkar.XCUITests;
				PRODUCT_NAME = "$(TARGET_NAME)";
				SWIFT_EMIT_LOC_STRINGS = YES;
				SWIFT_VERSION = 5.0;
				TARGETED_DEVICE_FAMILY = "1,2";
			};
			name = Debug;
		};
		6B6872872C0CDFBA003F096F /* Release */ = {
			isa = XCBuildConfiguration;
			buildSettings = {
				ASSETCATALOG_COMPILER_APPICON_NAME = AppIcon;
				ASSETCATALOG_COMPILER_GLOBAL_ACCENT_COLOR_NAME = AccentColor;
				CODE_SIGN_STYLE = Automatic;
				CURRENT_PROJECT_VERSION = 1;
				DEVELOPMENT_ASSET_PATHS = "\"XCUITests/Preview Content\"";
				DEVELOPMENT_TEAM = 3LU756Z7J5;
				ENABLE_PREVIEWS = YES;
				GENERATE_INFOPLIST_FILE = YES;
				INFOPLIST_KEY_UIApplicationSceneManifest_Generation = YES;
				INFOPLIST_KEY_UIApplicationSupportsIndirectInputEvents = YES;
				INFOPLIST_KEY_UILaunchScreen_Generation = YES;
				INFOPLIST_KEY_UISupportedInterfaceOrientations_iPad = "UIInterfaceOrientationPortrait UIInterfaceOrientationPortraitUpsideDown UIInterfaceOrientationLandscapeLeft UIInterfaceOrientationLandscapeRight";
				INFOPLIST_KEY_UISupportedInterfaceOrientations_iPhone = "UIInterfaceOrientationPortrait UIInterfaceOrientationLandscapeLeft UIInterfaceOrientationLandscapeRight";
				LD_RUNPATH_SEARCH_PATHS = (
					"$(inherited)",
					"@executable_path/Frameworks",
				);
				MARKETING_VERSION = 1.0;
				PRODUCT_BUNDLE_IDENTIFIER = com.maziarlayeghkar.XCUITests;
				PRODUCT_NAME = "$(TARGET_NAME)";
				SWIFT_EMIT_LOC_STRINGS = YES;
				SWIFT_VERSION = 5.0;
				TARGETED_DEVICE_FAMILY = "1,2";
			};
			name = Release;
		};
		6B6872892C0CDFBA003F096F /* Debug */ = {
			isa = XCBuildConfiguration;
			buildSettings = {
				ALWAYS_EMBED_SWIFT_STANDARD_LIBRARIES = YES;
				BUNDLE_LOADER = "$(TEST_HOST)";
				CODE_SIGN_STYLE = Automatic;
				CURRENT_PROJECT_VERSION = 1;
				DEVELOPMENT_TEAM = 3LU756Z7J5;
				GENERATE_INFOPLIST_FILE = YES;
				IPHONEOS_DEPLOYMENT_TARGET = 17.5;
				MARKETING_VERSION = 1.0;
				PRODUCT_BUNDLE_IDENTIFIER = com.maziarlayeghkar.XCUITestsTests;
				PRODUCT_NAME = "$(TARGET_NAME)";
				SWIFT_EMIT_LOC_STRINGS = NO;
				SWIFT_VERSION = 5.0;
				TARGETED_DEVICE_FAMILY = "1,2";
				TEST_HOST = "$(BUILT_PRODUCTS_DIR)/XCUITests.app/$(BUNDLE_EXECUTABLE_FOLDER_PATH)/XCUITests";
			};
			name = Debug;
		};
		6B68728A2C0CDFBA003F096F /* Release */ = {
			isa = XCBuildConfiguration;
			buildSettings = {
				ALWAYS_EMBED_SWIFT_STANDARD_LIBRARIES = YES;
				BUNDLE_LOADER = "$(TEST_HOST)";
				CODE_SIGN_STYLE = Automatic;
				CURRENT_PROJECT_VERSION = 1;
				DEVELOPMENT_TEAM = 3LU756Z7J5;
				GENERATE_INFOPLIST_FILE = YES;
				IPHONEOS_DEPLOYMENT_TARGET = 17.5;
				MARKETING_VERSION = 1.0;
				PRODUCT_BUNDLE_IDENTIFIER = com.maziarlayeghkar.XCUITestsTests;
				PRODUCT_NAME = "$(TARGET_NAME)";
				SWIFT_EMIT_LOC_STRINGS = NO;
				SWIFT_VERSION = 5.0;
				TARGETED_DEVICE_FAMILY = "1,2";
				TEST_HOST = "$(BUILT_PRODUCTS_DIR)/XCUITests.app/$(BUNDLE_EXECUTABLE_FOLDER_PATH)/XCUITests";
			};
			name = Release;
		};
		6B68728C2C0CDFBA003F096F /* Debug */ = {
			isa = XCBuildConfiguration;
			buildSettings = {
				ALWAYS_EMBED_SWIFT_STANDARD_LIBRARIES = YES;
				CODE_SIGN_STYLE = Automatic;
				CURRENT_PROJECT_VERSION = 1;
				DEVELOPMENT_TEAM = 3LU756Z7J5;
				GENERATE_INFOPLIST_FILE = YES;
				MARKETING_VERSION = 1.0;
				PRODUCT_BUNDLE_IDENTIFIER = com.maziarlayeghkar.XCUITestsUITests;
				PRODUCT_NAME = "$(TARGET_NAME)";
				SWIFT_EMIT_LOC_STRINGS = NO;
				SWIFT_VERSION = 5.0;
				TARGETED_DEVICE_FAMILY = "1,2";
				TEST_TARGET_NAME = XCUITests;
			};
			name = Debug;
		};
		6B68728D2C0CDFBA003F096F /* Release */ = {
			isa = XCBuildConfiguration;
			buildSettings = {
				ALWAYS_EMBED_SWIFT_STANDARD_LIBRARIES = YES;
				CODE_SIGN_STYLE = Automatic;
				CURRENT_PROJECT_VERSION = 1;
				DEVELOPMENT_TEAM = 3LU756Z7J5;
				GENERATE_INFOPLIST_FILE = YES;
				MARKETING_VERSION = 1.0;
				PRODUCT_BUNDLE_IDENTIFIER = com.maziarlayeghkar.XCUITestsUITests;
				PRODUCT_NAME = "$(TARGET_NAME)";
				SWIFT_EMIT_LOC_STRINGS = NO;
				SWIFT_VERSION = 5.0;
				TARGETED_DEVICE_FAMILY = "1,2";
				TEST_TARGET_NAME = XCUITests;
			};
			name = Release;
		};
/* End XCBuildConfiguration section */

/* Begin XCConfigurationList section */
		6B68725C2C0CDFB9003F096F /* Build configuration list for PBXProject "XCUITests" */ = {
			isa = XCConfigurationList;
			buildConfigurations = (
				6B6872832C0CDFBA003F096F /* Debug */,
				6B6872842C0CDFBA003F096F /* Release */,
			);
			defaultConfigurationIsVisible = 0;
			defaultConfigurationName = Release;
		};
		6B6872852C0CDFBA003F096F /* Build configuration list for PBXNativeTarget "XCUITests" */ = {
			isa = XCConfigurationList;
			buildConfigurations = (
				6B6872862C0CDFBA003F096F /* Debug */,
				6B6872872C0CDFBA003F096F /* Release */,
			);
			defaultConfigurationIsVisible = 0;
			defaultConfigurationName = Release;
		};
		6B6872882C0CDFBA003F096F /* Build configuration list for PBXNativeTarget "XCUITestsTests" */ = {
			isa = XCConfigurationList;
			buildConfigurations = (
				6B6872892C0CDFBA003F096F /* Debug */,
				6B68728A2C0CDFBA003F096F /* Release */,
			);
			defaultConfigurationIsVisible = 0;
			defaultConfigurationName = Release;
		};
		6B68728B2C0CDFBA003F096F /* Build configuration list for PBXNativeTarget "XCUITestsUITests" */ = {
			isa = XCConfigurationList;
			buildConfigurations = (
				6B68728C2C0CDFBA003F096F /* Debug */,
				6B68728D2C0CDFBA003F096F /* Release */,
			);
			defaultConfigurationIsVisible = 0;
			defaultConfigurationName = Release;
		};
/* End XCConfigurationList section */
	};
	rootObject = 6B6872592C0CDFB9003F096F /* Project object */;
}
